{
    "_meta": {
        "hash": {
            "sha256": "146398ef92d8736190506ddbfac9f127f7d04df2df8981ee8c8a1597394d7342"
        },
        "pipfile-spec": 6,
        "requires": {
            "python_version": "3.7"
        },
        "sources": [
            {
                "name": "pypi",
                "url": "https://pypi.org/simple",
                "verify_ssl": true
            }
        ]
    },
    "default": {},
    "develop": {
        "backcall": {
            "hashes": [
                "sha256:5cbdbf27be5e7cfadb448baf0aa95508f91f2bbc6c6437cd9cd06e2a4c215e1e",
                "sha256:fbbce6a29f263178a1f7915c1940bde0ec2b2a967566fe1c65c1dfb7422bd255"
            ],
            "version": "==0.2.0"
        },
        "decorator": {
            "hashes": [
                "sha256:637996211036b6385ef91435e4fae22989472f9d571faba8927ba8253acbc330",
                "sha256:b8c3f85900b9dc423225913c5aace94729fe1fa9763b38939a95226f02d37186"
            ],
            "version": "==5.1.1"
        },
        "entrypoints": {
            "hashes": [
                "sha256:b706eddaa9218a19ebcd67b56818f05bb27589b1ca9e8d797b74affad4ccacd4",
                "sha256:f174b5ff827504fd3cd97cc3f8649f3693f51538c7e4bdf3ef002c8429d42f9f"
            ],
            "version": "==0.4"
        },
        "ipykernel": {
            "hashes": [
                "sha256:4ea44b90ae1f7c38987ad58ea0809562a17c2695a0499644326f334aecd369ec",
                "sha256:66f824af1ef4650e1e2f6c42e1423074321440ef79ca3651a6cfd06a4e25e42f"
            ],
            "index": "pypi",
            "version": "==5.5.6"
        },
        "ipython": {
            "hashes": [
                "sha256:5ac47dc9af66fc2f5530c12069390877ae372ac905edca75a92a6e363b5d7caa",
                "sha256:c0427ed8bc33ac481faf9d3acf7e84e0010cdaada945e0badd1e2e74cc075833"
            ],
            "version": "==7.16.3"
        },
        "ipython-genutils": {
            "hashes": [
                "sha256:72dd37233799e619666c9f639a9da83c34013a73e8bbc79a7a6348d93c61fab8",
                "sha256:eb2e116e75ecef9d4d228fdc66af54269afa26ab4463042e33785b887c628ba8"
            ],
            "version": "==0.2.0"
        },
        "jedi": {
            "hashes": [
                "sha256:86ed7d9b750603e4ba582ea8edc678657fb4007894a12bcf6f4bb97892f31d20",
                "sha256:98cc583fa0f2f8304968199b01b6b4b94f469a1f4a74c1560506ca2a211378b5"
            ],
            "version": "==0.17.2"
        },
        "jupyter-client": {
            "hashes": [
                "sha256:4ea61033726c8e579edb55626d8ee2e6bf0a83158ddf3751b8dd46b2c5cd1e96",
                "sha256:d56f1c57bef42ff31e61b1185d3348a5b2bcde7c9a05523ae4dbe5ee0871797c"
            ],
            "version": "==7.1.2"
        },
        "jupyter-core": {
            "hashes": [
                "sha256:d69baeb9ffb128b8cd2657fcf2703f89c769d1673c851812119e3a2a0e93ad9a",
                "sha256:f875e4d27e202590311d468fa55f90c575f201490bd0c18acabe4e318db4a46d"
            ],
            "version": "==4.9.2"
        },
        "nest-asyncio": {
            "hashes": [
                "sha256:b98e3ec1b246135e4642eceffa5a6c23a3ab12c82ff816a92c612d68205813b2",
                "sha256:e442291cd942698be619823a17a86a5759eabe1f8613084790de189fe9e16d65"
            ],
            "version": "==1.5.5"
        },
        "parso": {
            "hashes": [
                "sha256:97218d9159b2520ff45eb78028ba8b50d2bc61dcc062a9682666f2dc4bd331ea",
                "sha256:caba44724b994a8a5e086460bb212abc5a8bc46951bf4a9a1210745953622eb9"
            ],
            "version": "==0.7.1"
        },
        "pexpect": {
            "hashes": [
                "sha256:0b48a55dcb3c05f3329815901ea4fc1537514d6ba867a152b581d69ae3710937",
                "sha256:fc65a43959d153d0114afe13997d439c22823a27cefceb5ff35c2178c6784c0c"
            ],
            "markers": "sys_platform != 'win32'",
            "version": "==4.8.0"
        },
        "pickleshare": {
            "hashes": [
                "sha256:87683d47965c1da65cdacaf31c8441d12b8044cdec9aca500cd78fc2c683afca",
                "sha256:9649af414d74d4df115d5d718f82acb59c9d418196b7b4290ed47a12ce62df56"
            ],
            "version": "==0.7.5"
        },
        "prompt-toolkit": {
            "hashes": [
                "sha256:62291dad495e665fca0bda814e342c69952086afb0f4094d0893d357e5c78752",
                "sha256:bd640f60e8cecd74f0dc249713d433ace2ddc62b65ee07f96d358e0b152b6ea7"
            ],
            "version": "==3.0.29"
        },
        "ptyprocess": {
            "hashes": [
                "sha256:4b41f3967fce3af57cc7e94b888626c18bf37a083e3651ca8feeb66d492fef35",
                "sha256:5c5d0a3b48ceee0b48485e0c26037c0acd7d29765ca3fbb5cb3831d347423220"
            ],
            "version": "==0.7.0"
        },
        "pygments": {
            "hashes": [
                "sha256:5eb116118f9612ff1ee89ac96437bb6b49e8f04d8a13b514ba26f620208e26eb",
                "sha256:dc9c10fb40944260f6ed4c688ece0cd2048414940f1cea51b8b226318411c519"
            ],
            "version": "==2.12.0"
        },
        "python-dateutil": {
            "hashes": [
                "sha256:0123cacc1627ae19ddf3c27a5de5bd67ee4586fbdd6440d9748f8abb483d3e86",
                "sha256:961d03dc3453ebbc59dbdea9e4e11c5651520a876d0f4db161e8674aae935da9"
            ],
            "version": "==2.8.2"
        },
        "pyzmq": {
            "hashes": [
                "sha256:057176dd3f5ccf5aad4abd662d76b6a39bbf799baaf2f39cd4fdaf2eab326e43",
                "sha256:05ec90a8da618f2398f9d1aa20b18a9ef332992c6ac23e8c866099faad6ef0d6",
                "sha256:154de02b15422af28b53d29a02de72121ba503634955017255573fc1f995143d",
                "sha256:16b832adb5d8716f46051da5533c480250bf126984ce86804db6137a3a7f931b",
                "sha256:1df26aa854bdd3a8341bf199064dd6aa6e240f2eaa3c9fa8d217e5d8b868c73e",
                "sha256:28f9164fb2658b7b414fa0894c75b1a9c61375774cdc1bdb7298beb042a2cd87",
                "sha256:2951c29b8649f3672af9dca8ff61d86310d3664d9629788b1c66422fb13b1239",
                "sha256:2b08774057ae7ce8a2eb4e7d54db05358234440706ce43a85814500c5d7bd22e",
                "sha256:2e2ac40f7a91c740ec68d6db07ae19ea9259c959333c68bee56ab2c799a67d66",
                "sha256:312e56799410c34797417a4060a8bd37d4db1f06d1ec0c54f7c8fd81e0d90376",
                "sha256:38f778a74e3889392e949326cfd0e9b2eb37dcbb2980d98fad2c51703d523db2",
                "sha256:3955dd5bbbe02f454655296ee36a66c334c7102a29b8458223d168c0380edfd5",
                "sha256:425ba851a6f9892bde1da2024d82e2fe6796bd77e3391fb96665c50fe9d4c6a5",
                "sha256:48bbc2db041ab28eeee4a3e8ada0ed336640946dd5a8e53dbd3805f9dbdcf0dc",
                "sha256:4fbcd657cda75574fd1315a4c44bd322bc2e219039fb09f146bbe6f8aef039e9",
                "sha256:523ba7fd4d8fe75ad09c1e574a648892b75a97d0cfc8005727681053ac19555b",
                "sha256:53b2c1326c2e484d450932d2be739f064b7cb572faabec38386098a28516a529",
                "sha256:540d7146c3cdc9bbffab039ea067f494eba24d1abe5bd33eb9f963c01e3305d4",
                "sha256:563d4281c4dbdf647d93114420151d33f895afc4c46b7115a67a0aa5347e6624",
                "sha256:67a049bcf967a39993858beed873ed3405536019820922d4efacfe35ab3da51a",
                "sha256:67ec63ae3c9c1fa2e077fcb42e77035e2121a04f987464bdf9945a28535d30ad",
                "sha256:68e22c5d3be451e87d47f956b397a7823bfbde2176341bc902fba30f96831d7e",
                "sha256:6ab4b6108e69f63c917cd7ef7217c5727955b1ac90600e44a13ed5312019a014",
                "sha256:6bd7f18bd4cf51ea8d7e54825902cf36f9d2f35cc51ef618373988d5398b8dd0",
                "sha256:6cd53e861bccc0bdc4620f68fb4a91d5bcfe9f4213cf8e200fa498044d33a6dc",
                "sha256:6d346e551fa64b89d57a4ac74b9bc66703413f02f50093e089e861999ec5cccc",
                "sha256:6ff8708fabc9f9bc2949f457d39b4088c9656c4c9ac15fbbbbaafce8f6d07833",
                "sha256:7626e8384275a7dea6f3d1f749fb5e00299042e9c895fc3dbe24cb154909c242",
                "sha256:7e7346b2b33dcd4a2171dd8a9870ae283eec8f6231dcbcf237a0f41e74751a50",
                "sha256:81623c67cb71b93b5f7e06c9107f3781738ae86866db830c950223d87af2a235",
                "sha256:83f1c76068faf62c32a36dd62dc4db642c2027bbbd960f8f6345b59e9d4dc472",
                "sha256:8679bb1dd723ecbea03b1f96c98972815775fd8ec756c440a14f289c436c472e",
                "sha256:86fb683cb9a9c0bb7476988b7957393ecdd22777d87d804442c66e62c99197f9",
                "sha256:8757c62f7960cd26122f7aaaf86eda1e016fa85734c3777b8054dd334d7dea4d",
                "sha256:894be7d17228e7328cc188096c0162697211ec91761f6812fff12790cbe11c66",
                "sha256:8a0f240bf43c29be1bd82d77e602a61c798e9de02e5f8bb7bb414cb814f43236",
                "sha256:8c3abf7eab5b76ae162c4fbb16d514a947fc57fd995b64e5ea8ef8ba3b888a69",
                "sha256:93332c6972e4c91522c4810e907f3aea067424338071161b39cacded022559df",
                "sha256:97d6c676dc97d593625d9fc48154f2ffeabb619a1e6fe8d2a5b53f97e3e9bdee",
                "sha256:99dd85f0ca1db8d17a01a25c2bbb7784d25a2d39497c6beddbe96bff74194e04",
                "sha256:9c7fb691fb07ec7ab99fd173bb0e7e0248d31bf83d484a87b917a342f63812c9",
                "sha256:b3bc3cf200aab74f3d758586ac50295214eda496ac6a6636e0c881c5958d9123",
                "sha256:bba54f97578943f48f621b4a7afb8eb022370da26a88b88ccc9fee9f3ef7ce45",
                "sha256:bd2a13a0f8367e50347cbac87ae230ae1953935443240238f956bf10668bead6",
                "sha256:cbc1184349ca6e5112898aa7fc3efa1b1bbae24ab1edc774cfd09cbfd3b091d7",
                "sha256:cd82cca9c489e441574804dbda2dd8e114cf3be7935b03de11dade2c9478aea6",
                "sha256:ce8ba5ed8b0a7a203922d61cff45ee6001a41a9359f04f00d055a4e988755569",
                "sha256:cfee22e072a382b92ee0709dbb8203dabd52d54258051e770d9d2a81b162530b",
                "sha256:d977df6f7c4109ed1d96ffb6795f6af77114be606ae4556efbfc9cac725db65d",
                "sha256:da72a384a1d7e87490ca71182f3ab469ed21d847adc16b70c34faac5a3b12801",
                "sha256:ddf4ad1d651e6c9234945061e1a31fe27a4be0dea21c498b87b186fadf8f5919",
                "sha256:eb0ae5dfda83bbce660179d7b41c1c38fd833a54d2e6d9b258c644f3b75ef94d",
                "sha256:f4c7d370badc60ac94a554bc571a46d03e39d8aacfba8006b334512e184aed59",
                "sha256:f6c378b435a26fda8996579c0e324b108d2ca0d01b4661503a75634e5155559f",
                "sha256:f6c9d30888503f2f5f87d6d41f016301352dd98da4a861bd10663c3a2d99d3b5",
                "sha256:fab8a7877275060f7b303e1f91c218069a2814a616b6a5ee2d8a3737deb15915",
                "sha256:fc32e7d7f98cac3d8d5153ed2cb583158ae3d446a6efb8e28ccb1c54a09f4169"
            ],
            "version": "==23.1.0"
        },
        "six": {
            "hashes": [
                "sha256:1e61c37477a1626458e36f7b1d82aa5c9b094fa4802892072e49de9c60c4c926",
                "sha256:8abb2f1d86890a2dfb989f9a77cfcfd3e47c2a354b01111771326f8aa26e0254"
            ],
            "version": "==1.16.0"
        },
        "tornado": {
            "hashes": [
                "sha256:0a00ff4561e2929a2c37ce706cb8233b7907e0cdc22eab98888aca5dd3775feb",
                "sha256:0d321a39c36e5f2c4ff12b4ed58d41390460f798422c4504e09eb5678e09998c",
                "sha256:1e8225a1070cd8eec59a996c43229fe8f95689cb16e552d130b9793cb570a288",
                "sha256:20241b3cb4f425e971cb0a8e4ffc9b0a861530ae3c52f2b0434e6c1b57e9fd95",
                "sha256:25ad220258349a12ae87ede08a7b04aca51237721f63b1808d39bdb4b2164558",
                "sha256:33892118b165401f291070100d6d09359ca74addda679b60390b09f8ef325ffe",
                "sha256:33c6e81d7bd55b468d2e793517c909b139960b6c790a60b7991b9b6b76fb9791",
                "sha256:3447475585bae2e77ecb832fc0300c3695516a47d46cefa0528181a34c5b9d3d",
                "sha256:34ca2dac9e4d7afb0bed4677512e36a52f09caa6fded70b4e3e1c89dbd92c326",
                "sha256:3e63498f680547ed24d2c71e6497f24bca791aca2fe116dbc2bd0ac7f191691b",
                "sha256:548430be2740e327b3fe0201abe471f314741efcb0067ec4f2d7dcfb4825f3e4",
                "sha256:6196a5c39286cc37c024cd78834fb9345e464525d8991c21e908cc046d1cc02c",
                "sha256:61b32d06ae8a036a6607805e6720ef00a3c98207038444ba7fd3d169cd998910",
                "sha256:6286efab1ed6e74b7028327365cf7346b1d777d63ab30e21a0f4d5b275fc17d5",
                "sha256:65d98939f1a2e74b58839f8c4dab3b6b3c1ce84972ae712be02845e65391ac7c",
                "sha256:66324e4e1beede9ac79e60f88de548da58b1f8ab4b2f1354d8375774f997e6c0",
                "sha256:6c77c9937962577a6a76917845d06af6ab9197702a42e1346d8ae2e76b5e3675",
                "sha256:70dec29e8ac485dbf57481baee40781c63e381bebea080991893cd297742b8fd",
                "sha256:7250a3fa399f08ec9cb3f7b1b987955d17e044f1ade821b32e5f435130250d7f",
                "sha256:748290bf9112b581c525e6e6d3820621ff020ed95af6f17fedef416b27ed564c",
                "sha256:7da13da6f985aab7f6f28debab00c67ff9cbacd588e8477034c0652ac141feea",
                "sha256:8f959b26f2634a091bb42241c3ed8d3cedb506e7c27b8dd5c7b9f745318ddbb6",
                "sha256:9de9e5188a782be6b1ce866e8a51bc76a0fbaa0e16613823fc38e4fc2556ad05",
                "sha256:a48900ecea1cbb71b8c71c620dee15b62f85f7c14189bdeee54966fbd9a0c5bd",
                "sha256:b87936fd2c317b6ee08a5741ea06b9d11a6074ef4cc42e031bc6403f82a32575",
                "sha256:c77da1263aa361938476f04c4b6c8916001b90b2c2fdd92d8d535e1af48fba5a",
                "sha256:cb5ec8eead331e3bb4ce8066cf06d2dfef1bfb1b2a73082dfe8a161301b76e37",
                "sha256:cc0ee35043162abbf717b7df924597ade8e5395e7b66d18270116f8745ceb795",
                "sha256:d14d30e7f46a0476efb0deb5b61343b1526f73ebb5ed84f23dc794bdb88f9d9f",
                "sha256:d371e811d6b156d82aa5f9a4e08b58debf97c302a35714f6f45e35139c332e32",
                "sha256:d3d20ea5782ba63ed13bc2b8c291a053c8d807a8fa927d941bd718468f7b950c",
                "sha256:d3f7594930c423fd9f5d1a76bee85a2c36fd8b4b16921cae7e965f22575e9c01",
                "sha256:dcef026f608f678c118779cd6591c8af6e9b4155c44e0d1bc0c87c036fb8c8c4",
                "sha256:e0791ac58d91ac58f694d8d2957884df8e4e2f6687cdf367ef7eb7497f79eaa2",
                "sha256:e385b637ac3acaae8022e7e47dfa7b83d3620e432e3ecb9a3f7f58f150e50921",
                "sha256:e519d64089b0876c7b467274468709dadf11e41d65f63bba207e04217f47c085",
                "sha256:e7229e60ac41a1202444497ddde70a48d33909e484f96eb0da9baf8dc68541df",
                "sha256:ed3ad863b1b40cd1d4bd21e7498329ccaece75db5a5bf58cd3c9f130843e7102",
                "sha256:f0ba29bafd8e7e22920567ce0d232c26d4d47c8b5cf4ed7b562b5db39fa199c5",
                "sha256:fa2ba70284fa42c2a5ecb35e322e68823288a4251f9ba9cc77be04ae15eada68",
                "sha256:fba85b6cd9c39be262fcd23865652920832b61583de2a2ca907dbd8e8a8c81e5"
            ],
            "version": "==6.1"
        },
        "traitlets": {
            "hashes": [
                "sha256:70b4c6a1d9019d7b4f6846832288f86998aa3b9207c6821f3578a6a6a467fe44",
                "sha256:d023ee369ddd2763310e4c3eae1ff649689440d4ae59d7485eb4cfbbe3e359f7"
            ],
            "version": "==4.3.3"
        },
        "wcwidth": {
            "hashes": [
                "sha256:beb4802a9cebb9144e99086eff703a642a13d6a0052920003a230f3294bbe784",
                "sha256:c4d647b99872929fdb7bdcaa4fbe7f01413ed3d98077df798530e5b04f116c83"
            ],
            "version": "==0.2.5"
        }
    }
}
